
Microsoft Visual Studio Solution File, Format Version 12.00
# Visual Studio Version 17
VisualStudioVersion = 17.4.33213.308
MinimumVisualStudioVersion = 10.0.40219.1
Project("{8BC9CEB8-8B4A-11D0-8D11-00A0C91BC942}") = "KNN", "KNN\KNN.vcxproj", "{2309E0C4-163B-47A7-B51B-1C97B872C760}"
EndProject
Project("{8BC9CEB8-8B4A-11D0-8D11-00A0C91BC942}") = "DATA", "DATA\DATA.vcxproj", "{4F482D33-808B-4018-A592-05E6208FA103}"
EndProject
Project("{8BC9CEB8-8B4A-11D0-8D11-00A0C91BC942}") = "KMEANS", "KMEANS\KMEANS.vcxproj", "{F016B1B3-34EB-4B93-9594-3956C8D3E083}"
	ProjectSection(ProjectDependencies) = postProject
		{4F482D33-808B-4018-A592-05E6208FA103} = {4F482D33-808B-4018-A592-05E6208FA103}
	EndProjectSection
EndProject
Project("{8BC9CEB8-8B4A-11D0-8D11-00A0C91BC942}") = "RUN", "RUN\RUN.vcxproj", "{05C34E0E-F369-4B0C-99FF-B3AC5DE008AE}"
	ProjectSection(ProjectDependencies) = postProject
		{2309E0C4-163B-47A7-B51B-1C97B872C760} = {2309E0C4-163B-47A7-B51B-1C97B872C760}
		{4F482D33-808B-4018-A592-05E6208FA103} = {4F482D33-808B-4018-A592-05E6208FA103}
		{B52D24FC-FE40-4464-88A1-B797EE0033BE} = {B52D24FC-FE40-4464-88A1-B797EE0033BE}
		{F016B1B3-34EB-4B93-9594-3956C8D3E083} = {F016B1B3-34EB-4B93-9594-3956C8D3E083}
	EndProjectSection
EndProject
Project("{8BC9CEB8-8B4A-11D0-8D11-00A0C91BC942}") = "NEURAL_NET", "NEURAL_NET\NEURAL_NET.vcxproj", "{B52D24FC-FE40-4464-88A1-B797EE0033BE}"
EndProject
Global
	GlobalSection(SolutionConfigurationPlatforms) = preSolution
		Debug|x64 = Debug|x64
		Debug|x86 = Debug|x86
		Release|x64 = Release|x64
		Release|x86 = Release|x86
	EndGlobalSection
	GlobalSection(ProjectConfigurationPlatforms) = postSolution
		{2309E0C4-163B-47A7-B51B-1C97B872C760}.Debug|x64.ActiveCfg = Debug|x64
		{2309E0C4-163B-47A7-B51B-1C97B872C760}.Debug|x64.Build.0 = Debug|x64
		{2309E0C4-163B-47A7-B51B-1C97B872C760}.Debug|x86.ActiveCfg = Debug|x64
		{2309E0C4-163B-47A7-B51B-1C97B872C760}.Debug|x86.Build.0 = Debug|x64
		{2309E0C4-163B-47A7-B51B-1C97B872C760}.Release|x64.ActiveCfg = Release|x64
		{2309E0C4-163B-47A7-B51B-1C97B872C760}.Release|x64.Build.0 = Release|x64
		{2309E0C4-163B-47A7-B51B-1C97B872C760}.Release|x86.ActiveCfg = Release|x64
		{2309E0C4-163B-47A7-B51B-1C97B872C760}.Release|x86.Build.0 = Release|x64
		{4F482D33-808B-4018-A592-05E6208FA103}.Debug|x64.ActiveCfg = Debug|x64
		{4F482D33-808B-4018-A592-05E6208FA103}.Debug|x64.Build.0 = Debug|x64
		{4F482D33-808B-4018-A592-05E6208FA103}.Debug|x86.ActiveCfg = Debug|x64
		{4F482D33-808B-4018-A592-05E6208FA103}.Debug|x86.Build.0 = Debug|x64
		{4F482D33-808B-4018-A592-05E6208FA103}.Release|x64.ActiveCfg = Release|x64
		{4F482D33-808B-4018-A592-05E6208FA103}.Release|x64.Build.0 = Release|x64
		{4F482D33-808B-4018-A592-05E6208FA103}.Release|x86.ActiveCfg = Release|x64
		{4F482D33-808B-4018-A592-05E6208FA103}.Release|x86.Build.0 = Release|x64
		{F016B1B3-34EB-4B93-9594-3956C8D3E083}.Debug|x64.ActiveCfg = Debug|x64
		{F016B1B3-34EB-4B93-9594-3956C8D3E083}.Debug|x64.Build.0 = Debug|x64
		{F016B1B3-34EB-4B93-9594-3956C8D3E083}.Debug|x86.ActiveCfg = Debug|x64
		{F016B1B3-34EB-4B93-9594-3956C8D3E083}.Debug|x86.Build.0 = Debug|x64
		{F016B1B3-34EB-4B93-9594-3956C8D3E083}.Release|x64.ActiveCfg = Release|x64
		{F016B1B3-34EB-4B93-9594-3956C8D3E083}.Release|x64.Build.0 = Release|x64
		{F016B1B3-34EB-4B93-9594-3956C8D3E083}.Release|x86.ActiveCfg = Release|x64
		{F016B1B3-34EB-4B93-9594-3956C8D3E083}.Release|x86.Build.0 = Release|x64
		{05C34E0E-F369-4B0C-99FF-B3AC5DE008AE}.Debug|x64.ActiveCfg = Debug|x64
		{05C34E0E-F369-4B0C-99FF-B3AC5DE008AE}.Debug|x64.Build.0 = Debug|x64
		{05C34E0E-F369-4B0C-99FF-B3AC5DE008AE}.Debug|x86.ActiveCfg = Debug|x64
		{05C34E0E-F369-4B0C-99FF-B3AC5DE008AE}.Debug|x86.Build.0 = Debug|x64
		{05C34E0E-F369-4B0C-99FF-B3AC5DE008AE}.Release|x64.ActiveCfg = Release|x64
		{05C34E0E-F369-4B0C-99FF-B3AC5DE008AE}.Release|x64.Build.0 = Release|x64
		{05C34E0E-F369-4B0C-99FF-B3AC5DE008AE}.Release|x86.ActiveCfg = Release|x64
		{05C34E0E-F369-4B0C-99FF-B3AC5DE008AE}.Release|x86.Build.0 = Release|x64
		{B52D24FC-FE40-4464-88A1-B797EE0033BE}.Debug|x64.ActiveCfg = Debug|x64
		{B52D24FC-FE40-4464-88A1-B797EE0033BE}.Debug|x64.Build.0 = Debug|x64
		{B52D24FC-FE40-4464-88A1-B797EE0033BE}.Debug|x86.ActiveCfg = Debug|Win32
		{B52D24FC-FE40-4464-88A1-B797EE0033BE}.Debug|x86.Build.0 = Debug|Win32
		{B52D24FC-FE40-4464-88A1-B797EE0033BE}.Release|x64.ActiveCfg = Release|x64
		{B52D24FC-FE40-4464-88A1-B797EE0033BE}.Release|x64.Build.0 = Release|x64
		{B52D24FC-FE40-4464-88A1-B797EE0033BE}.Release|x86.ActiveCfg = Release|Win32
		{B52D24FC-FE40-4464-88A1-B797EE0033BE}.Release|x86.Build.0 = Release|Win32
	EndGlobalSection
	GlobalSection(SolutionProperties) = preSolution
		HideSolutionNode = FALSE
	EndGlobalSection
	GlobalSection(ExtensibilityGlobals) = postSolution
		SolutionGuid = {16A4B6AD-426E-4B8C-9009-473DAFB660E5}
	EndGlobalSection
EndGlobal
